<?xml version="1.0" encoding="utf-8"?>
<Project ToolsVersion="4.0" xmlns="http://schemas.microsoft.com/developer/msbuild/2003">
  <ItemGroup>
    <Filter Include="Model">
      <UniqueIdentifier>{bf75a074-bc9e-49e8-9497-a3876bd6ffbb}</UniqueIdentifier>
    </Filter>
    <Filter Include="Controller">
      <UniqueIdentifier>{c12b80e5-620b-411b-a3b5-ff2ddcef4554}</UniqueIdentifier>
    </Filter>
    <Filter Include="View">
      <UniqueIdentifier>{e522c107-6fc8-4228-b858-ec62bdb4da4c}</UniqueIdentifier>
    </Filter>
    <Filter Include="Model\DesignPatterns">
      <UniqueIdentifier>{c3c02920-7b02-4503-872e-8e209433486a}</UniqueIdentifier>
    </Filter>
    <Filter Include="Model\DesignPatterns\State">
      <UniqueIdentifier>{3ae81b85-2027-43e5-8bdf-9b86b6d32ddf}</UniqueIdentifier>
    </Filter>
    <Filter Include="Model\States">
      <UniqueIdentifier>{e703095e-bf7b-4b33-8b52-6cf34f1e9d27}</UniqueIdentifier>
    </Filter>
    <Filter Include="Model\States\Engine">
      <UniqueIdentifier>{5771359f-29a3-43d4-92a4-1c754b3f265f}</UniqueIdentifier>
    </Filter>
    <Filter Include="Controller\Application">
      <UniqueIdentifier>{12f75299-cf31-4599-aca7-93e44d8cd6b0}</UniqueIdentifier>
    </Filter>
    <Filter Include="View\Model">
      <UniqueIdentifier>{9861055e-eabc-4399-9c33-33ff2fc7edb9}</UniqueIdentifier>
    </Filter>
    <Filter Include="View\Controller">
      <UniqueIdentifier>{ea730c81-3345-4e14-8b35-9854bec9aa49}</UniqueIdentifier>
    </Filter>
    <Filter Include="Utility">
      <UniqueIdentifier>{8cc16095-1ffe-48e9-990b-46c498fee4eb}</UniqueIdentifier>
    </Filter>
    <Filter Include="Utility\Logger">
      <UniqueIdentifier>{d268d131-2291-4fe0-81c8-0b0c1650abda}</UniqueIdentifier>
    </Filter>
    <Filter Include="Utility\QuickSort">
      <UniqueIdentifier>{2295352a-9dab-4cb8-b168-d375b5515ebf}</UniqueIdentifier>
    </Filter>
    <Filter Include="View\Wrapper">
      <UniqueIdentifier>{7c3a218c-dcf6-475a-8529-bb92d10b4031}</UniqueIdentifier>
    </Filter>
    <Filter Include="Controller\Engine">
      <UniqueIdentifier>{52aea1fa-8f7e-4150-a9b8-43b0e1fe01b3}</UniqueIdentifier>
    </Filter>
    <Filter Include="Utility\All">
      <UniqueIdentifier>{e7dbcc6c-0369-4e9f-a26f-1e18466cea7e}</UniqueIdentifier>
    </Filter>
    <Filter Include="View\Model\Interface">
      <UniqueIdentifier>{a929ea1e-7f49-4e80-8921-72556d318c7b}</UniqueIdentifier>
    </Filter>
    <Filter Include="Utility\Types">
      <UniqueIdentifier>{e095d65b-ee42-493b-b113-c15d0d5bdec0}</UniqueIdentifier>
    </Filter>
  </ItemGroup>
  <ItemGroup>
    <ClCompile Include="Engine.cpp">
      <Filter>Controller\Engine</Filter>
    </ClCompile>
    <ClCompile Include="SDP.cpp">
      <Filter>Model\DesignPatterns\State</Filter>
    </ClCompile>
    <ClCompile Include="STengMenu.cpp">
      <Filter>Model\States\Engine</Filter>
    </ClCompile>
    <ClCompile Include="main.cpp">
      <Filter>Controller\Application</Filter>
    </ClCompile>
    <ClCompile Include="SDLwrapper.cpp">
      <Filter>View\Wrapper</Filter>
    </ClCompile>
    <ClCompile Include="ViewController.cpp">
      <Filter>View\Controller</Filter>
    </ClCompile>
    <ClCompile Include="TextResManager.cpp">
      <Filter>View\Controller</Filter>
    </ClCompile>
  </ItemGroup>
  <ItemGroup>
    <ClInclude Include="Logger.h">
      <Filter>Utility\Logger</Filter>
    </ClInclude>
    <ClInclude Include="Engine.h">
      <Filter>Controller\Engine</Filter>
    </ClInclude>
    <ClInclude Include="QuickSort.h">
      <Filter>Utility\QuickSort</Filter>
    </ClInclude>
    <ClInclude Include="SDP.h">
      <Filter>Model\DesignPatterns\State</Filter>
    </ClInclude>
    <ClInclude Include="STengMenu.h">
      <Filter>Model\States\Engine</Filter>
    </ClInclude>
    <ClInclude Include="WinProp.h">
      <Filter>View\Model</Filter>
    </ClInclude>
    <ClInclude Include="RendProp.h">
      <Filter>View\Model</Filter>
    </ClInclude>
    <ClInclude Include="ViewController.h">
      <Filter>View\Controller</Filter>
    </ClInclude>
    <ClInclude Include="SDLwrapper.h">
      <Filter>View\Wrapper</Filter>
    </ClInclude>
    <ClInclude Include="ALL.h">
      <Filter>Utility\All</Filter>
    </ClInclude>
    <ClInclude Include="TextRes.h">
      <Filter>View\Model\Interface</Filter>
    </ClInclude>
    <ClInclude Include="PosType.h">
      <Filter>Utility\Types</Filter>
    </ClInclude>
    <ClInclude Include="DimType.h">
      <Filter>Utility\Types</Filter>
    </ClInclude>
    <ClInclude Include="ReturnType.h">
      <Filter>Utility\Types</Filter>
    </ClInclude>
    <ClInclude Include="RectType.h">
      <Filter>Utility\Types</Filter>
    </ClInclude>
    <ClInclude Include="TextResManager.h">
      <Filter>View\Controller</Filter>
    </ClInclude>
  </ItemGroup>
</Project>